// !$*UTF8*$!
{
	archiveVersion = 1;
	classes = {
	};
	objectVersion = 46;
	objects = {

/* Begin PBXBuildFile section */
		746300881E13EFC200ECD5A1 /* AppDelegate.swift in Sources */ = {isa = PBXBuildFile; fileRef = 746300871E13EFC200ECD5A1 /* AppDelegate.swift */; };
		7463008A1E13EFC200ECD5A1 /* CardWindow.swift in Sources */ = {isa = PBXBuildFile; fileRef = 746300891E13EFC200ECD5A1 /* CardWindow.swift */; };
		7463008C1E13EFC200ECD5A1 /* Assets.xcassets in Resources */ = {isa = PBXBuildFile; fileRef = 7463008B1E13EFC200ECD5A1 /* Assets.xcassets */; };
		7463008F1E13EFC200ECD5A1 /* Main.storyboard in Resources */ = {isa = PBXBuildFile; fileRef = 7463008D1E13EFC200ECD5A1 /* Main.storyboard */; };
		7463009A1E13EFC200ECD5A1 /* cardreaderTests.swift in Sources */ = {isa = PBXBuildFile; fileRef = 746300991E13EFC200ECD5A1 /* cardreaderTests.swift */; };
		746300A51E13EFC200ECD5A1 /* cardreaderUITests.swift in Sources */ = {isa = PBXBuildFile; fileRef = 746300A41E13EFC200ECD5A1 /* cardreaderUITests.swift */; };
		746300B51E13F08100ECD5A1 /* CryptoTokenKit.framework in Frameworks */ = {isa = PBXBuildFile; fileRef = 746300B41E13F08100ECD5A1 /* CryptoTokenKit.framework */; };
		746300B81E14259E00ECD5A1 /* BEIDCard.swift in Sources */ = {isa = PBXBuildFile; fileRef = 746300B71E14259E00ECD5A1 /* BEIDCard.swift */; };
		74FCE6D31E15972A00CDF841 /* MapKit.framework in Frameworks */ = {isa = PBXBuildFile; fileRef = 74FCE6D21E15972A00CDF841 /* MapKit.framework */; };
		74FCE7111E16B76500CDF841 /* Document.swift in Sources */ = {isa = PBXBuildFile; fileRef = 74FCE7101E16B76500CDF841 /* Document.swift */; };
/* End PBXBuildFile section */

/* Begin PBXContainerItemProxy section */
		746300961E13EFC200ECD5A1 /* PBXContainerItemProxy */ = {
			isa = PBXContainerItemProxy;
			containerPortal = 7463007C1E13EFC200ECD5A1 /* Project object */;
			proxyType = 1;
			remoteGlobalIDString = 746300831E13EFC200ECD5A1;
			remoteInfo = cardreader;
		};
		746300A11E13EFC200ECD5A1 /* PBXContainerItemProxy */ = {
			isa = PBXContainerItemProxy;
			containerPortal = 7463007C1E13EFC200ECD5A1 /* Project object */;
			proxyType = 1;
			remoteGlobalIDString = 746300831E13EFC200ECD5A1;
			remoteInfo = cardreader;
		};
/* End PBXContainerItemProxy section */

/* Begin PBXFileReference section */
		746300841E13EFC200ECD5A1 /* eidReader.app */ = {isa = PBXFileReference; explicitFileType = wrapper.application; includeInIndex = 0; path = eidReader.app; sourceTree = BUILT_PRODUCTS_DIR; };
		746300871E13EFC200ECD5A1 /* AppDelegate.swift */ = {isa = PBXFileReference; lastKnownFileType = sourcecode.swift; path = AppDelegate.swift; sourceTree = "<group>"; };
		746300891E13EFC200ECD5A1 /* CardWindow.swift */ = {isa = PBXFileReference; lastKnownFileType = sourcecode.swift; path = CardWindow.swift; sourceTree = "<group>"; };
		7463008B1E13EFC200ECD5A1 /* Assets.xcassets */ = {isa = PBXFileReference; lastKnownFileType = folder.assetcatalog; path = Assets.xcassets; sourceTree = "<group>"; };
		7463008E1E13EFC200ECD5A1 /* Base */ = {isa = PBXFileReference; lastKnownFileType = file.storyboard; name = Base; path = Base.lproj/Main.storyboard; sourceTree = "<group>"; };
		746300901E13EFC200ECD5A1 /* Info.plist */ = {isa = PBXFileReference; lastKnownFileType = text.plist.xml; path = Info.plist; sourceTree = "<group>"; };
		746300951E13EFC200ECD5A1 /* eidReaderTests.xctest */ = {isa = PBXFileReference; explicitFileType = wrapper.cfbundle; includeInIndex = 0; path = eidReaderTests.xctest; sourceTree = BUILT_PRODUCTS_DIR; };
		746300991E13EFC200ECD5A1 /* cardreaderTests.swift */ = {isa = PBXFileReference; lastKnownFileType = sourcecode.swift; path = cardreaderTests.swift; sourceTree = "<group>"; };
		7463009B1E13EFC200ECD5A1 /* Info.plist */ = {isa = PBXFileReference; lastKnownFileType = text.plist.xml; path = Info.plist; sourceTree = "<group>"; };
		746300A01E13EFC200ECD5A1 /* eidReaderUITests.xctest */ = {isa = PBXFileReference; explicitFileType = wrapper.cfbundle; includeInIndex = 0; path = eidReaderUITests.xctest; sourceTree = BUILT_PRODUCTS_DIR; };
		746300A41E13EFC200ECD5A1 /* cardreaderUITests.swift */ = {isa = PBXFileReference; lastKnownFileType = sourcecode.swift; path = cardreaderUITests.swift; sourceTree = "<group>"; };
		746300A61E13EFC200ECD5A1 /* Info.plist */ = {isa = PBXFileReference; lastKnownFileType = text.plist.xml; path = Info.plist; sourceTree = "<group>"; };
		746300B41E13F08100ECD5A1 /* CryptoTokenKit.framework */ = {isa = PBXFileReference; lastKnownFileType = wrapper.framework; name = CryptoTokenKit.framework; path = System/Library/Frameworks/CryptoTokenKit.framework; sourceTree = SDKROOT; };
		746300B71E14259E00ECD5A1 /* BEIDCard.swift */ = {isa = PBXFileReference; fileEncoding = 4; lastKnownFileType = sourcecode.swift; path = BEIDCard.swift; sourceTree = "<group>"; };
		74FCE6D11E15966100CDF841 /* eidReader.entitlements */ = {isa = PBXFileReference; lastKnownFileType = text.plist.entitlements; path = eidReader.entitlements; sourceTree = "<group>"; };
		74FCE6D21E15972A00CDF841 /* MapKit.framework */ = {isa = PBXFileReference; lastKnownFileType = wrapper.framework; name = MapKit.framework; path = System/Library/Frameworks/MapKit.framework; sourceTree = SDKROOT; };
		74FCE6D61E15BAE400CDF841 /* nl */ = {isa = PBXFileReference; lastKnownFileType = text.plist.strings; name = nl; path = nl.lproj/Main.strings; sourceTree = "<group>"; };
		74FCE7101E16B76500CDF841 /* Document.swift */ = {isa = PBXFileReference; fileEncoding = 4; lastKnownFileType = sourcecode.swift; path = Document.swift; sourceTree = "<group>"; };
/* End PBXFileReference section */

/* Begin PBXFrameworksBuildPhase section */
		746300811E13EFC200ECD5A1 /* Frameworks */ = {
			isa = PBXFrameworksBuildPhase;
			buildActionMask = 2147483647;
			files = (
				74FCE6D31E15972A00CDF841 /* MapKit.framework in Frameworks */,
				746300B51E13F08100ECD5A1 /* CryptoTokenKit.framework in Frameworks */,
			);
			runOnlyForDeploymentPostprocessing = 0;
		};
		746300921E13EFC200ECD5A1 /* Frameworks */ = {
			isa = PBXFrameworksBuildPhase;
			buildActionMask = 2147483647;
			files = (
			);
			runOnlyForDeploymentPostprocessing = 0;
		};
		7463009D1E13EFC200ECD5A1 /* Frameworks */ = {
			isa = PBXFrameworksBuildPhase;
			buildActionMask = 2147483647;
			files = (
			);
			runOnlyForDeploymentPostprocessing = 0;
		};
/* End PBXFrameworksBuildPhase section */

/* Begin PBXGroup section */
		7463007B1E13EFC200ECD5A1 = {
			isa = PBXGroup;
			children = (
				746300861E13EFC200ECD5A1 /* eidReader */,
				746300981E13EFC200ECD5A1 /* eidReaderTests */,
				746300A31E13EFC200ECD5A1 /* eidReaderUITests */,
				746300851E13EFC200ECD5A1 /* Products */,
				746300B31E13F08100ECD5A1 /* Frameworks */,
			);
			sourceTree = "<group>";
		};
		746300851E13EFC200ECD5A1 /* Products */ = {
			isa = PBXGroup;
			children = (
				746300841E13EFC200ECD5A1 /* eidReader.app */,
				746300951E13EFC200ECD5A1 /* eidReaderTests.xctest */,
				746300A01E13EFC200ECD5A1 /* eidReaderUITests.xctest */,
			);
			name = Products;
			sourceTree = "<group>";
		};
		746300861E13EFC200ECD5A1 /* eidReader */ = {
			isa = PBXGroup;
			children = (
				74FCE6D11E15966100CDF841 /* eidReader.entitlements */,
				746300871E13EFC200ECD5A1 /* AppDelegate.swift */,
				746300B71E14259E00ECD5A1 /* BEIDCard.swift */,
				74FCE7101E16B76500CDF841 /* Document.swift */,
				746300891E13EFC200ECD5A1 /* CardWindow.swift */,
				7463008B1E13EFC200ECD5A1 /* Assets.xcassets */,
				7463008D1E13EFC200ECD5A1 /* Main.storyboard */,
				746300901E13EFC200ECD5A1 /* Info.plist */,
			);
			path = eidReader;
			sourceTree = "<group>";
		};
		746300981E13EFC200ECD5A1 /* eidReaderTests */ = {
			isa = PBXGroup;
			children = (
				746300991E13EFC200ECD5A1 /* cardreaderTests.swift */,
				7463009B1E13EFC200ECD5A1 /* Info.plist */,
			);
			path = eidReaderTests;
			sourceTree = "<group>";
		};
		746300A31E13EFC200ECD5A1 /* eidReaderUITests */ = {
			isa = PBXGroup;
			children = (
				746300A41E13EFC200ECD5A1 /* cardreaderUITests.swift */,
				746300A61E13EFC200ECD5A1 /* Info.plist */,
			);
			path = eidReaderUITests;
			sourceTree = "<group>";
		};
		746300B31E13F08100ECD5A1 /* Frameworks */ = {
			isa = PBXGroup;
			children = (
				74FCE6D21E15972A00CDF841 /* MapKit.framework */,
				746300B41E13F08100ECD5A1 /* CryptoTokenKit.framework */,
			);
			name = Frameworks;
			sourceTree = "<group>";
		};
/* End PBXGroup section */

/* Begin PBXNativeTarget section */
		746300831E13EFC200ECD5A1 /* eidReader */ = {
			isa = PBXNativeTarget;
			buildConfigurationList = 746300A91E13EFC200ECD5A1 /* Build configuration list for PBXNativeTarget "eidReader" */;
			buildPhases = (
				746300801E13EFC200ECD5A1 /* Sources */,
				746300811E13EFC200ECD5A1 /* Frameworks */,
				746300821E13EFC200ECD5A1 /* Resources */,
			);
			buildRules = (
			);
			dependencies = (
			);
			name = eidReader;
			productName = cardreader;
			productReference = 746300841E13EFC200ECD5A1 /* eidReader.app */;
			productType = "com.apple.product-type.application";
		};
		746300941E13EFC200ECD5A1 /* eidReaderTests */ = {
			isa = PBXNativeTarget;
			buildConfigurationList = 746300AC1E13EFC200ECD5A1 /* Build configuration list for PBXNativeTarget "eidReaderTests" */;
			buildPhases = (
				746300911E13EFC200ECD5A1 /* Sources */,
				746300921E13EFC200ECD5A1 /* Frameworks */,
				746300931E13EFC200ECD5A1 /* Resources */,
			);
			buildRules = (
			);
			dependencies = (
				746300971E13EFC200ECD5A1 /* PBXTargetDependency */,
			);
			name = eidReaderTests;
			productName = cardreaderTests;
			productReference = 746300951E13EFC200ECD5A1 /* eidReaderTests.xctest */;
			productType = "com.apple.product-type.bundle.unit-test";
		};
		7463009F1E13EFC200ECD5A1 /* eidReaderUITests */ = {
			isa = PBXNativeTarget;
			buildConfigurationList = 746300AF1E13EFC200ECD5A1 /* Build configuration list for PBXNativeTarget "eidReaderUITests" */;
			buildPhases = (
				7463009C1E13EFC200ECD5A1 /* Sources */,
				7463009D1E13EFC200ECD5A1 /* Frameworks */,
				7463009E1E13EFC200ECD5A1 /* Resources */,
			);
			buildRules = (
			);
			dependencies = (
				746300A21E13EFC200ECD5A1 /* PBXTargetDependency */,
			);
			name = eidReaderUITests;
			productName = cardreaderUITests;
			productReference = 746300A01E13EFC200ECD5A1 /* eidReaderUITests.xctest */;
			productType = "com.apple.product-type.bundle.ui-testing";
		};
/* End PBXNativeTarget section */

/* Begin PBXProject section */
		7463007C1E13EFC200ECD5A1 /* Project object */ = {
			isa = PBXProject;
			attributes = {
				LastSwiftUpdateCheck = 0820;
				LastUpgradeCheck = 0820;
				ORGANIZATIONNAME = Damiaan;
				TargetAttributes = {
					746300831E13EFC200ECD5A1 = {
						CreatedOnToolsVersion = 8.2;
						DevelopmentTeam = 7TD9A665TC;
						ProvisioningStyle = Automatic;
						SystemCapabilities = {
							com.apple.Maps.Mac = {
								enabled = 1;
							};
							com.apple.Sandbox = {
								enabled = 0;
							};
						};
					};
					746300941E13EFC200ECD5A1 = {
						CreatedOnToolsVersion = 8.2;
						DevelopmentTeam = 7TD9A665TC;
						ProvisioningStyle = Automatic;
						TestTargetID = 746300831E13EFC200ECD5A1;
					};
					7463009F1E13EFC200ECD5A1 = {
						CreatedOnToolsVersion = 8.2;
						DevelopmentTeam = 7TD9A665TC;
						ProvisioningStyle = Automatic;
						TestTargetID = 746300831E13EFC200ECD5A1;
					};
				};
			};
			buildConfigurationList = 7463007F1E13EFC200ECD5A1 /* Build configuration list for PBXProject "eidReader" */;
			compatibilityVersion = "Xcode 3.2";
			developmentRegion = English;
			hasScannedForEncodings = 0;
			knownRegions = (
				en,
				Base,
			);
			mainGroup = 7463007B1E13EFC200ECD5A1;
			productRefGroup = 746300851E13EFC200ECD5A1 /* Products */;
			projectDirPath = "";
			projectRoot = "";
			targets = (
				746300831E13EFC200ECD5A1 /* eidReader */,
				746300941E13EFC200ECD5A1 /* eidReaderTests */,
				7463009F1E13EFC200ECD5A1 /* eidReaderUITests */,
			);
		};
/* End PBXProject section */

/* Begin PBXResourcesBuildPhase section */
		746300821E13EFC200ECD5A1 /* Resources */ = {
			isa = PBXResourcesBuildPhase;
			buildActionMask = 2147483647;
			files = (
				7463008C1E13EFC200ECD5A1 /* Assets.xcassets in Resources */,
				7463008F1E13EFC200ECD5A1 /* Main.storyboard in Resources */,
			);
			runOnlyForDeploymentPostprocessing = 0;
		};
		746300931E13EFC200ECD5A1 /* Resources */ = {
			isa = PBXResourcesBuildPhase;
			buildActionMask = 2147483647;
			files = (
			);
			runOnlyForDeploymentPostprocessing = 0;
		};
		7463009E1E13EFC200ECD5A1 /* Resources */ = {
			isa = PBXResourcesBuildPhase;
			buildActionMask = 2147483647;
			files = (
			);
			runOnlyForDeploymentPostprocessing = 0;
		};
/* End PBXResourcesBuildPhase section */

/* Begin PBXSourcesBuildPhase section */
		746300801E13EFC200ECD5A1 /* Sources */ = {
			isa = PBXSourcesBuildPhase;
			buildActionMask = 2147483647;
			files = (
				74FCE7111E16B76500CDF841 /* Document.swift in Sources */,
				7463008A1E13EFC200ECD5A1 /* CardWindow.swift in Sources */,
				746300B81E14259E00ECD5A1 /* BEIDCard.swift in Sources */,
				746300881E13EFC200ECD5A1 /* AppDelegate.swift in Sources */,
			);
			runOnlyForDeploymentPostprocessing = 0;
		};
		746300911E13EFC200ECD5A1 /* Sources */ = {
			isa = PBXSourcesBuildPhase;
			buildActionMask = 2147483647;
			files = (
				7463009A1E13EFC200ECD5A1 /* cardreaderTests.swift in Sources */,
			);
			runOnlyForDeploymentPostprocessing = 0;
		};
		7463009C1E13EFC200ECD5A1 /* Sources */ = {
			isa = PBXSourcesBuildPhase;
			buildActionMask = 2147483647;
			files = (
				746300A51E13EFC200ECD5A1 /* cardreaderUITests.swift in Sources */,
			);
			runOnlyForDeploymentPostprocessing = 0;
		};
/* End PBXSourcesBuildPhase section */

/* Begin PBXTargetDependency section */
		746300971E13EFC200ECD5A1 /* PBXTargetDependency */ = {
			isa = PBXTargetDependency;
			target = 746300831E13EFC200ECD5A1 /* eidReader */;
			targetProxy = 746300961E13EFC200ECD5A1 /* PBXContainerItemProxy */;
		};
		746300A21E13EFC200ECD5A1 /* PBXTargetDependency */ = {
			isa = PBXTargetDependency;
			target = 746300831E13EFC200ECD5A1 /* eidReader */;
			targetProxy = 746300A11E13EFC200ECD5A1 /* PBXContainerItemProxy */;
		};
/* End PBXTargetDependency section */

/* Begin PBXVariantGroup section */
		7463008D1E13EFC200ECD5A1 /* Main.storyboard */ = {
			isa = PBXVariantGroup;
			children = (
				7463008E1E13EFC200ECD5A1 /* Base */,
				74FCE6D61E15BAE400CDF841 /* nl */,
			);
			name = Main.storyboard;
			sourceTree = "<group>";
		};
/* End PBXVariantGroup section */

/* Begin XCBuildConfiguration section */
		746300A71E13EFC200ECD5A1 /* Debug */ = {
			isa = XCBuildConfiguration;
			buildSettings = {
				ALWAYS_SEARCH_USER_PATHS = NO;
				CLANG_ANALYZER_LOCALIZABILITY_NONLOCALIZED = YES;
				CLANG_ANALYZER_NONNULL = YES;
				CLANG_CXX_LANGUAGE_STANDARD = "gnu++0x";
				CLANG_CXX_LIBRARY = "libc++";
				CLANG_ENABLE_MODULES = YES;
				CLANG_ENABLE_OBJC_ARC = YES;
				CLANG_WARN_BOOL_CONVERSION = YES;
				CLANG_WARN_CONSTANT_CONVERSION = YES;
				CLANG_WARN_DIRECT_OBJC_ISA_USAGE = YES_ERROR;
				CLANG_WARN_DOCUMENTATION_COMMENTS = YES;
				CLANG_WARN_EMPTY_BODY = YES;
				CLANG_WARN_ENUM_CONVERSION = YES;
				CLANG_WARN_INFINITE_RECURSION = YES;
				CLANG_WARN_INT_CONVERSION = YES;
				CLANG_WARN_OBJC_ROOT_CLASS = YES_ERROR;
				CLANG_WARN_SUSPICIOUS_MOVE = YES;
				CLANG_WARN_UNREACHABLE_CODE = YES;
				CLANG_WARN__DUPLICATE_METHOD_MATCH = YES;
				CODE_SIGN_IDENTITY = "-";
				COPY_PHASE_STRIP = NO;
				DEBUG_INFORMATION_FORMAT = dwarf;
				ENABLE_STRICT_OBJC_MSGSEND = YES;
				ENABLE_TESTABILITY = YES;
				GCC_C_LANGUAGE_STANDARD = gnu99;
				GCC_DYNAMIC_NO_PIC = NO;
				GCC_NO_COMMON_BLOCKS = YES;
				GCC_OPTIMIZATION_LEVEL = 0;
				GCC_PREPROCESSOR_DEFINITIONS = (
					"DEBUG=1",
					"$(inherited)",
				);
				GCC_WARN_64_TO_32_BIT_CONVERSION = YES;
				GCC_WARN_ABOUT_RETURN_TYPE = YES_ERROR;
				GCC_WARN_UNDECLARED_SELECTOR = YES;
				GCC_WARN_UNINITIALIZED_AUTOS = YES_AGGRESSIVE;
				GCC_WARN_UNUSED_FUNCTION = YES;
				GCC_WARN_UNUSED_VARIABLE = YES;
				MACOSX_DEPLOYMENT_TARGET = 10.10;
				MTL_ENABLE_DEBUG_INFO = YES;
				ONLY_ACTIVE_ARCH = YES;
				SDKROOT = macosx;
				SWIFT_ACTIVE_COMPILATION_CONDITIONS = DEBUG;
				SWIFT_OPTIMIZATION_LEVEL = "-Onone";
			};
			name = Debug;
		};
		746300A81E13EFC200ECD5A1 /* Release */ = {
			isa = XCBuildConfiguration;
			buildSettings = {
				ALWAYS_SEARCH_USER_PATHS = NO;
				CLANG_ANALYZER_LOCALIZABILITY_NONLOCALIZED = YES;
				CLANG_ANALYZER_NONNULL = YES;
				CLANG_CXX_LANGUAGE_STANDARD = "gnu++0x";
				CLANG_CXX_LIBRARY = "libc++";
				CLANG_ENABLE_MODULES = YES;
				CLANG_ENABLE_OBJC_ARC = YES;
				CLANG_WARN_BOOL_CONVERSION = YES;
				CLANG_WARN_CONSTANT_CONVERSION = YES;
				CLANG_WARN_DIRECT_OBJC_ISA_USAGE = YES_ERROR;
				CLANG_WARN_DOCUMENTATION_COMMENTS = YES;
				CLANG_WARN_EMPTY_BODY = YES;
				CLANG_WARN_ENUM_CONVERSION = YES;
				CLANG_WARN_INFINITE_RECURSION = YES;
				CLANG_WARN_INT_CONVERSION = YES;
				CLANG_WARN_OBJC_ROOT_CLASS = YES_ERROR;
				CLANG_WARN_SUSPICIOUS_MOVE = YES;
				CLANG_WARN_UNREACHABLE_CODE = YES;
				CLANG_WARN__DUPLICATE_METHOD_MATCH = YES;
				CODE_SIGN_IDENTITY = "-";
				COPY_PHASE_STRIP = NO;
				DEBUG_INFORMATION_FORMAT = "dwarf-with-dsym";
				ENABLE_NS_ASSERTIONS = NO;
				ENABLE_STRICT_OBJC_MSGSEND = YES;
				GCC_C_LANGUAGE_STANDARD = gnu99;
				GCC_NO_COMMON_BLOCKS = YES;
				GCC_WARN_64_TO_32_BIT_CONVERSION = YES;
				GCC_WARN_ABOUT_RETURN_TYPE = YES_ERROR;
				GCC_WARN_UNDECLARED_SELECTOR = YES;
				GCC_WARN_UNINITIALIZED_AUTOS = YES_AGGRESSIVE;
				GCC_WARN_UNUSED_FUNCTION = YES;
				GCC_WARN_UNUSED_VARIABLE = YES;
				MACOSX_DEPLOYMENT_TARGET = 10.10;
				MTL_ENABLE_DEBUG_INFO = NO;
				SDKROOT = macosx;
				SWIFT_OPTIMIZATION_LEVEL = "-Owholemodule";
			};
			name = Release;
		};
		746300AA1E13EFC200ECD5A1 /* Debug */ = {
			isa = XCBuildConfiguration;
			buildSettings = {
				ASSETCATALOG_COMPILER_APPICON_NAME = AppIcon;
				CODE_SIGN_ENTITLEMENTS = eidReader/eidReader.entitlements;
				CODE_SIGN_IDENTITY = "Mac Developer";
				COMBINE_HIDPI_IMAGES = YES;
				DEVELOPMENT_TEAM = 7TD9A665TC;
				INFOPLIST_FILE = eidReader/Info.plist;
				LD_RUNPATH_SEARCH_PATHS = "$(inherited) @executable_path/../Frameworks";
				PRODUCT_BUNDLE_IDENTIFIER = com.devian.eidReader;
				PRODUCT_NAME = "$(TARGET_NAME)";
				SWIFT_VERSION = 3.0;
			};
			name = Debug;
		};
		746300AB1E13EFC200ECD5A1 /* Release */ = {
			isa = XCBuildConfiguration;
			buildSettings = {
				ASSETCATALOG_COMPILER_APPICON_NAME = AppIcon;
				CODE_SIGN_ENTITLEMENTS = eidReader/eidReader.entitlements;
				CODE_SIGN_IDENTITY = "Mac Developer";
				COMBINE_HIDPI_IMAGES = YES;
				DEVELOPMENT_TEAM = 7TD9A665TC;
				INFOPLIST_FILE = eidReader/Info.plist;
				LD_RUNPATH_SEARCH_PATHS = "$(inherited) @executable_path/../Frameworks";
				PRODUCT_BUNDLE_IDENTIFIER = com.devian.eidReader;
				PRODUCT_NAME = "$(TARGET_NAME)";
				SWIFT_VERSION = 3.0;
			};
			name = Release;
		};
		746300AD1E13EFC200ECD5A1 /* Debug */ = {
			isa = XCBuildConfiguration;
			buildSettings = {
				ALWAYS_EMBED_SWIFT_STANDARD_LIBRARIES = YES;
				BUNDLE_LOADER = "$(TEST_HOST)";
				COMBINE_HIDPI_IMAGES = YES;
				DEVELOPMENT_TEAM = 7TD9A665TC;
				INFOPLIST_FILE = cardreaderTests/Info.plist;
				LD_RUNPATH_SEARCH_PATHS = "$(inherited) @executable_path/../Frameworks @loader_path/../Frameworks";
				PRODUCT_BUNDLE_IDENTIFIER = com.devian.cardreaderTests;
				PRODUCT_NAME = "$(TARGET_NAME)";
				SWIFT_VERSION = 3.0;
				TEST_HOST = "$(BUILT_PRODUCTS_DIR)/eidReader.app/Contents/MacOS/eidReader";
			};
			name = Debug;
		};
		746300AE1E13EFC200ECD5A1 /* Release */ = {
			isa = XCBuildConfiguration;
			buildSettings = {
				ALWAYS_EMBED_SWIFT_STANDARD_LIBRARIES = YES;
				BUNDLE_LOADER = "$(TEST_HOST)";
				COMBINE_HIDPI_IMAGES = YES;
				DEVELOPMENT_TEAM = 7TD9A665TC;
				INFOPLIST_FILE = cardreaderTests/Info.plist;
				LD_RUNPATH_SEARCH_PATHS = "$(inherited) @executable_path/../Frameworks @loader_path/../Frameworks";
				PRODUCT_BUNDLE_IDENTIFIER = com.devian.cardreaderTests;
				PRODUCT_NAME = "$(TARGET_NAME)";
				SWIFT_VERSION = 3.0;
				TEST_HOST = "$(BUILT_PRODUCTS_DIR)/eidReader.app/Contents/MacOS/eidReader";
			};
			name = Release;
		};
		746300B01E13EFC200ECD5A1 /* Debug */ = {
			isa = XCBuildConfiguration;
			buildSettings = {
				ALWAYS_EMBED_SWIFT_STANDARD_LIBRARIES = YES;
				COMBINE_HIDPI_IMAGES = YES;
				DEVELOPMENT_TEAM = 7TD9A665TC;
				INFOPLIST_FILE = cardreaderUITests/Info.plist;
				LD_RUNPATH_SEARCH_PATHS = "$(inherited) @executable_path/../Frameworks @loader_path/../Frameworks";
				PRODUCT_BUNDLE_IDENTIFIER = com.devian.cardreaderUITests;
				PRODUCT_NAME = "$(TARGET_NAME)";
				SWIFT_VERSION = 3.0;
				TEST_TARGET_NAME = cardreader;
			};
			name = Debug;
		};
		746300B11E13EFC200ECD5A1 /* Release */ = {
			isa = XCBuildConfiguration;
			buildSettings = {
				ALWAYS_EMBED_SWIFT_STANDARD_LIBRARIES = YES;
				COMBINE_HIDPI_IMAGES = YES;
				DEVELOPMENT_TEAM = 7TD9A665TC;
				INFOPLIST_FILE = cardreaderUITests/Info.plist;
				LD_RUNPATH_SEARCH_PATHS = "$(inherited) @executable_path/../Frameworks @loader_path/../Frameworks";
				PRODUCT_BUNDLE_IDENTIFIER = com.devian.cardreaderUITests;
				PRODUCT_NAME = "$(TARGET_NAME)";
				SWIFT_VERSION = 3.0;
				TEST_TARGET_NAME = cardreader;
			};
			name = Release;
		};
/* End XCBuildConfiguration section */

/* Begin XCConfigurationList section */
		7463007F1E13EFC200ECD5A1 /* Build configuration list for PBXProject "eidReader" */ = {
			isa = XCConfigurationList;
			buildConfigurations = (
				746300A71E13EFC200ECD5A1 /* Debug */,
				746300A81E13EFC200ECD5A1 /* Release */,
			);
			defaultConfigurationIsVisible = 0;
			defaultConfigurationName = Release;
		};
		746300A91E13EFC200ECD5A1 /* Build configuration list for PBXNativeTarget "eidReader" */ = {
			isa = XCConfigurationList;
			buildConfigurations = (
				746300AA1E13EFC200ECD5A1 /* Debug */,
				746300AB1E13EFC200ECD5A1 /* Release */,
			);
			defaultConfigurationIsVisible = 0;
			defaultConfigurationName = Release;
		};
		746300AC1E13EFC200ECD5A1 /* Build configuration list for PBXNativeTarget "eidReaderTests" */ = {
			isa = XCConfigurationList;
			buildConfigurations = (
				746300AD1E13EFC200ECD5A1 /* Debug */,
				746300AE1E13EFC200ECD5A1 /* Release */,
			);
			defaultConfigurationIsVisible = 0;
			defaultConfigurationName = Release;
		};
		746300AF1E13EFC200ECD5A1 /* Build configuration list for PBXNativeTarget "eidReaderUITests" */ = {
			isa = XCConfigurationList;
			buildConfigurations = (
				746300B01E13EFC200ECD5A1 /* Debug */,
				746300B11E13EFC200ECD5A1 /* Release */,
			);
			defaultConfigurationIsVisible = 0;
			defaultConfigurationName = Release;
		};
/* End XCConfigurationList section */
	};
	rootObject = 7463007C1E13EFC200ECD5A1 /* Project object */;
}
